
Microsoft Visual Studio Solution File, Format Version 12.00
# Visual Studio Version 16
VisualStudioVersion = 16.0.29613.14
MinimumVisualStudioVersion = 10.0.40219.1
Project("{FAE04EC0-301F-11D3-BF4B-00C04F79EFBC}") = "HotRod", "HotRod\HotRod.csproj", "{9705E7F4-E6A6-4097-8C8A-955C437A8943}"
EndProject
Global
	GlobalSection(SolutionConfigurationPlatforms) = preSolution
		Debug|Any CPU = Debug|Any CPU
		Release|Any CPU = Release|Any CPU
	EndGlobalSection
	GlobalSection(ProjectConfigurationPlatforms) = postSolution
		{9705E7F4-E6A6-4097-8C8A-955C437A8943}.Debug|Any CPU.ActiveCfg = Debug|Any CPU
		{9705E7F4-E6A6-4097-8C8A-955C437A8943}.Debug|Any CPU.Build.0 = Debug|Any CPU
		{9705E7F4-E6A6-4097-8C8A-955C437A8943}.Release|Any CPU.ActiveCfg = Release|Any CPU
		{9705E7F4-E6A6-4097-8C8A-955C437A8943}.Release|Any CPU.Build.0 = Release|Any CPU
	EndGlobalSection
	GlobalSection(SolutionProperties) = preSolution
		HideSolutionNode = FALSE
	EndGlobalSection
	GlobalSection(ExtensibilityGlobals) = postSolution
		SolutionGuid = {6A84A518-C171-4DBA-BB25-9B443A15742C}
	EndGlobalSection
EndGlobal
